github.com/akavel/rsrc v0.10.2 h1:Zxm8V5eI1hW4gGaYsJQUhxpjkENuG91ki8B4zCrvEsw=
github.com/akavel/rsrc v0.10.2/go.mod h1:uLoCtb9J+EyAqh+26kdrTgmzRBFPGOolLWKpdxkKq+c=
github.com/webui-dev/go-webui/v2 v2.4.3-0.20241105184444-8c18aefd65b6 h1:BoZeKy9yMvrdjCIDEmuZcoqNW0NwzI52I+PFGeb3WBc=
github.com/webui-dev/go-webui/v2 v2.4.3-0.20241105184444-8c18aefd65b6/go.mod h1:wAuoPsuZW60krM633fOFAQFtnRgzFD1dGDRHQd6lfPY=
